
Microsoft Visual Studio Solution File, Format Version 12.00
# Visual Studio 15
VisualStudioVersion = 15.0.26730.8
MinimumVisualStudioVersion = 10.0.40219.1
Project("{8BC9CEB8-8B4A-11D0-8D11-00A0C91BC942}") = "WFD_DLL", "WFD_DLL\WFD_DLL.vcxproj", "{58EEAB48-F05B-4B32-A70C-50384319C24A}"
EndProject
Global
	GlobalSection(SolutionConfigurationPlatforms) = preSolution
		Debug|x64 = Debug|x64
		Debug|x86 = Debug|x86
		Release|x64 = Release|x64
		Release|x86 = Release|x86
	EndGlobalSection
	GlobalSection(ProjectConfigurationPlatforms) = postSolution
		{58EEAB48-F05B-4B32-A70C-50384319C24A}.Debug|x64.ActiveCfg = Debug|x64
		{58EEAB48-F05B-4B32-A70C-50384319C24A}.Debug|x64.Build.0 = Debug|x64
		{58EEAB48-F05B-4B32-A70C-50384319C24A}.Debug|x86.ActiveCfg = Debug|Win32
		{58EEAB48-F05B-4B32-A70C-50384319C24A}.Debug|x86.Build.0 = Debug|Win32
		{58EEAB48-F05B-4B32-A70C-50384319C24A}.Release|x64.ActiveCfg = Release|x64
		{58EEAB48-F05B-4B32-A70C-50384319C24A}.Release|x64.Build.0 = Release|x64
		{58EEAB48-F05B-4B32-A70C-50384319C24A}.Release|x86.ActiveCfg = Release|Win32
		{58EEAB48-F05B-4B32-A70C-50384319C24A}.Release|x86.Build.0 = Release|Win32
	EndGlobalSection
	GlobalSection(SolutionProperties) = preSolution
		HideSolutionNode = FALSE
	EndGlobalSection
	GlobalSection(ExtensibilityGlobals) = postSolution
		SolutionGuid = {F90A7480-A340-4504-AE12-5AD54664A39C}
	EndGlobalSection
EndGlobal
